
Microsoft Visual Studio Solution File, Format Version 12.00
# Visual Studio Version 17
VisualStudioVersion = 17.5.33516.290
MinimumVisualStudioVersion = 10.0.40219.1
Project("{FAE04EC0-301F-11D3-BF4B-00C04F79EFBC}") = "AppLoaderNet", "src\AppLoaderNet\AppLoaderNet.csproj", "{B765A1D1-A67E-4AB8-9E37-80026FB3A77F}"
EndProject
Global
	GlobalSection(SolutionConfigurationPlatforms) = preSolution
		Debug|Any CPU = Debug|Any CPU
		Release|Any CPU = Release|Any CPU
	EndGlobalSection
	GlobalSection(ProjectConfigurationPlatforms) = postSolution
		{B765A1D1-A67E-4AB8-9E37-80026FB3A77F}.Debug|Any CPU.ActiveCfg = Debug|Any CPU
		{B765A1D1-A67E-4AB8-9E37-80026FB3A77F}.Debug|Any CPU.Build.0 = Debug|Any CPU
		{B765A1D1-A67E-4AB8-9E37-80026FB3A77F}.Release|Any CPU.ActiveCfg = Release|Any CPU
		{B765A1D1-A67E-4AB8-9E37-80026FB3A77F}.Release|Any CPU.Build.0 = Release|Any CPU
	EndGlobalSection
	GlobalSection(SolutionProperties) = preSolution
		HideSolutionNode = FALSE
	EndGlobalSection
	GlobalSection(ExtensibilityGlobals) = postSolution
		SolutionGuid = {C7D1CF22-A34D-424A-90B3-B38C510B1D3B}
	EndGlobalSection
EndGlobal
